
Microsoft Visual Studio Solution File, Format Version 12.00
# Visual Studio 15
VisualStudioVersion = 15.0.27703.2047
MinimumVisualStudioVersion = 10.0.40219.1
Project("{FAE04EC0-301F-11D3-BF4B-00C04F79EFBC}") = "WordSpy", "WordSpy\WordSpy.csproj", "{5FEE2316-23CA-4E35-B6C3-8B6DBE12EC72}"
EndProject
Global
	GlobalSection(SolutionConfigurationPlatforms) = preSolution
		Debug|Any CPU = Debug|Any CPU
		Release|Any CPU = Release|Any CPU
	EndGlobalSection
	GlobalSection(ProjectConfigurationPlatforms) = postSolution
		{5FEE2316-23CA-4E35-B6C3-8B6DBE12EC72}.Debug|Any CPU.ActiveCfg = Debug|Any CPU
		{5FEE2316-23CA-4E35-B6C3-8B6DBE12EC72}.Debug|Any CPU.Build.0 = Debug|Any CPU
		{5FEE2316-23CA-4E35-B6C3-8B6DBE12EC72}.Release|Any CPU.ActiveCfg = Release|Any CPU
		{5FEE2316-23CA-4E35-B6C3-8B6DBE12EC72}.Release|Any CPU.Build.0 = Release|Any CPU
	EndGlobalSection
	GlobalSection(SolutionProperties) = preSolution
		HideSolutionNode = FALSE
	EndGlobalSection
	GlobalSection(ExtensibilityGlobals) = postSolution
		SolutionGuid = {DA3420D3-7AC8-4781-9E8B-F37438B83726}
	EndGlobalSection
EndGlobal
